// !$*UTF8*$!
{
	archiveVersion = 1;
	classes = {
	};
	objectVersion = 46;
	objects = {

/* Begin PBXBuildFile section */
		14CBA2DB1DADA28C003A33FD /* AppDelegate.swift in Sources */ = {isa = PBXBuildFile; fileRef = 14CBA2DA1DADA28C003A33FD /* AppDelegate.swift */; };
		14CBA2DD1DADA298003A33FD /* InstaCatTableViewController.swift in Sources */ = {isa = PBXBuildFile; fileRef = 14CBA2DC1DADA298003A33FD /* InstaCatTableViewController.swift */; };
		14CBA2E11DADA2AE003A33FD /* InstaCats.json in Resources */ = {isa = PBXBuildFile; fileRef = 14CBA2DF1DADA2AE003A33FD /* InstaCats.json */; };
		14CBA2E31DADA2BA003A33FD /* Assets.xcassets in Resources */ = {isa = PBXBuildFile; fileRef = 14CBA2E21DADA2BA003A33FD /* Assets.xcassets */; };
		14CBA2E81DADA2C7003A33FD /* LaunchScreen.storyboard in Resources */ = {isa = PBXBuildFile; fileRef = 14CBA2E41DADA2C7003A33FD /* LaunchScreen.storyboard */; };
		14CBA2E91DADA2C7003A33FD /* Main.storyboard in Resources */ = {isa = PBXBuildFile; fileRef = 14CBA2E61DADA2C7003A33FD /* Main.storyboard */; };
		14CBA2EC1DADA2E4003A33FD /* AC3_2_InstaCats_2Tests.swift in Sources */ = {isa = PBXBuildFile; fileRef = 14CBA2EA1DADA2E4003A33FD /* AC3_2_InstaCats_2Tests.swift */; };
		14CBA2EF1DADA2EE003A33FD /* test.json in Resources */ = {isa = PBXBuildFile; fileRef = 14CBA2EE1DADA2EE003A33FD /* test.json */; };
		14CBA2F01DADA2EE003A33FD /* test.json in Resources */ = {isa = PBXBuildFile; fileRef = 14CBA2EE1DADA2EE003A33FD /* test.json */; };
		14CBA2F21DADA69F003A33FD /* InstaCat.swift in Sources */ = {isa = PBXBuildFile; fileRef = 14CBA2F11DADA69F003A33FD /* InstaCat.swift */; };
		14CBA2F31DADA69F003A33FD /* InstaCat.swift in Sources */ = {isa = PBXBuildFile; fileRef = 14CBA2F11DADA69F003A33FD /* InstaCat.swift */; };
		14CBA2F61DADA9FC003A33FD /* InstaCatFactory.swift in Sources */ = {isa = PBXBuildFile; fileRef = 14CBA2F51DADA9FC003A33FD /* InstaCatFactory.swift */; };
		181A34EC1DBD71E700986342 /* InstaDog.swift in Sources */ = {isa = PBXBuildFile; fileRef = 181A34EB1DBD71E700986342 /* InstaDog.swift */; };
		181A34EE1DBD74D400986342 /* InstaDogFactory.swift in Sources */ = {isa = PBXBuildFile; fileRef = 181A34ED1DBD74D400986342 /* InstaDogFactory.swift */; };
		181A34F41DBD9F7800986342 /* InstaDogs.json in Resources */ = {isa = PBXBuildFile; fileRef = 181A34F31DBD9F7800986342 /* InstaDogs.json */; };
/* End PBXBuildFile section */

/* Begin PBXContainerItemProxy section */
		14CBA2C31DAC3AAC003A33FD /* PBXContainerItemProxy */ = {
			isa = PBXContainerItemProxy;
			containerPortal = 14CBA2A61DAC3AAB003A33FD /* Project object */;
			proxyType = 1;
			remoteGlobalIDString = 14CBA2AD1DAC3AAB003A33FD;
			remoteInfo = "AC3.2-InstaCats-1";
		};
/* End PBXContainerItemProxy section */

/* Begin PBXFileReference section */
		14CBA2AE1DAC3AAB003A33FD /* AC3.2-InstaCats-2.app */ = {isa = PBXFileReference; explicitFileType = wrapper.application; includeInIndex = 0; path = "AC3.2-InstaCats-2.app"; sourceTree = BUILT_PRODUCTS_DIR; };
		14CBA2C21DAC3AAC003A33FD /* AC3.2-InstaCats-2Tests.xctest */ = {isa = PBXFileReference; explicitFileType = wrapper.cfbundle; includeInIndex = 0; path = "AC3.2-InstaCats-2Tests.xctest"; sourceTree = BUILT_PRODUCTS_DIR; };
		14CBA2DA1DADA28C003A33FD /* AppDelegate.swift */ = {isa = PBXFileReference; fileEncoding = 4; lastKnownFileType = sourcecode.swift; name = AppDelegate.swift; path = "AC3.2-InstaCats-2/AppDelegate.swift"; sourceTree = SOURCE_ROOT; };
		14CBA2DC1DADA298003A33FD /* InstaCatTableViewController.swift */ = {isa = PBXFileReference; fileEncoding = 4; lastKnownFileType = sourcecode.swift; name = InstaCatTableViewController.swift; path = "AC3.2-InstaCats-2/View Controllers/InstaCatTableViewController.swift"; sourceTree = SOURCE_ROOT; };
		14CBA2DE1DADA2AE003A33FD /* Info.plist */ = {isa = PBXFileReference; fileEncoding = 4; lastKnownFileType = text.plist.xml; name = Info.plist; path = "AC3.2-InstaCats-2/Info.plist"; sourceTree = SOURCE_ROOT; };
		14CBA2DF1DADA2AE003A33FD /* InstaCats.json */ = {isa = PBXFileReference; fileEncoding = 4; lastKnownFileType = text.json; name = InstaCats.json; path = "AC3.2-InstaCats-2/InstaCats.json"; sourceTree = SOURCE_ROOT; };
		14CBA2E21DADA2BA003A33FD /* Assets.xcassets */ = {isa = PBXFileReference; lastKnownFileType = folder.assetcatalog; name = Assets.xcassets; path = "AC3.2-InstaCats-2/Assets.xcassets"; sourceTree = SOURCE_ROOT; };
		14CBA2E51DADA2C7003A33FD /* Base */ = {isa = PBXFileReference; lastKnownFileType = file.storyboard; name = Base; path = "AC3.2-InstaCats-2/Base.lproj/LaunchScreen.storyboard"; sourceTree = SOURCE_ROOT; };
		14CBA2E71DADA2C7003A33FD /* Base */ = {isa = PBXFileReference; lastKnownFileType = file.storyboard; name = Base; path = "AC3.2-InstaCats-2/Base.lproj/Main.storyboard"; sourceTree = SOURCE_ROOT; };
		14CBA2EA1DADA2E4003A33FD /* AC3_2_InstaCats_2Tests.swift */ = {isa = PBXFileReference; fileEncoding = 4; lastKnownFileType = sourcecode.swift; name = AC3_2_InstaCats_2Tests.swift; path = "AC3.2-InstaCats-2Tests/AC3_2_InstaCats_2Tests.swift"; sourceTree = SOURCE_ROOT; };
		14CBA2EB1DADA2E4003A33FD /* Info.plist */ = {isa = PBXFileReference; fileEncoding = 4; lastKnownFileType = text.plist.xml; name = Info.plist; path = "AC3.2-InstaCats-2Tests/Info.plist"; sourceTree = SOURCE_ROOT; };
		14CBA2EE1DADA2EE003A33FD /* test.json */ = {isa = PBXFileReference; fileEncoding = 4; lastKnownFileType = text.json; name = test.json; path = "AC3.2-InstaCats-2Tests/test.json"; sourceTree = SOURCE_ROOT; };
		14CBA2F11DADA69F003A33FD /* InstaCat.swift */ = {isa = PBXFileReference; fileEncoding = 4; lastKnownFileType = sourcecode.swift; name = InstaCat.swift; path = "AC3.2-InstaCats-2/Model/InstaCat.swift"; sourceTree = SOURCE_ROOT; };
		14CBA2F51DADA9FC003A33FD /* InstaCatFactory.swift */ = {isa = PBXFileReference; fileEncoding = 4; lastKnownFileType = sourcecode.swift; name = InstaCatFactory.swift; path = "AC3.2-InstaCats-2/InstaCatFactory.swift"; sourceTree = SOURCE_ROOT; };
		181A34EB1DBD71E700986342 /* InstaDog.swift */ = {isa = PBXFileReference; fileEncoding = 4; lastKnownFileType = sourcecode.swift; path = InstaDog.swift; sourceTree = SOURCE_ROOT; };
		181A34ED1DBD74D400986342 /* InstaDogFactory.swift */ = {isa = PBXFileReference; fileEncoding = 4; lastKnownFileType = sourcecode.swift; path = InstaDogFactory.swift; sourceTree = SOURCE_ROOT; };
		181A34F31DBD9F7800986342 /* InstaDogs.json */ = {isa = PBXFileReference; fileEncoding = 4; lastKnownFileType = text.json; name = InstaDogs.json; path = "AC3.2-InstaCats-2/InstaDogs.json"; sourceTree = "<group>"; };
/* End PBXFileReference section */

/* Begin PBXFrameworksBuildPhase section */
		14CBA2AB1DAC3AAB003A33FD /* Frameworks */ = {
			isa = PBXFrameworksBuildPhase;
			buildActionMask = 2147483647;
			files = (
			);
			runOnlyForDeploymentPostprocessing = 0;
		};
		14CBA2BF1DAC3AAC003A33FD /* Frameworks */ = {
			isa = PBXFrameworksBuildPhase;
			buildActionMask = 2147483647;
			files = (
			);
			runOnlyForDeploymentPostprocessing = 0;
		};
/* End PBXFrameworksBuildPhase section */

/* Begin PBXGroup section */
		14CBA2A51DAC3AAB003A33FD = {
			isa = PBXGroup;
			children = (
				181A34F31DBD9F7800986342 /* InstaDogs.json */,
				14CBA2B01DAC3AAB003A33FD /* AC3.2-InstaCats-2 */,
				14CBA2C51DAC3AAC003A33FD /* AC3.2-InstaCats-2Tests */,
				14CBA2AF1DAC3AAB003A33FD /* Products */,
			);
			indentWidth = 4;
			sourceTree = "<group>";
			tabWidth = 4;
		};
		14CBA2AF1DAC3AAB003A33FD /* Products */ = {
			isa = PBXGroup;
			children = (
				14CBA2AE1DAC3AAB003A33FD /* AC3.2-InstaCats-2.app */,
				14CBA2C21DAC3AAC003A33FD /* AC3.2-InstaCats-2Tests.xctest */,
			);
			name = Products;
			sourceTree = "<group>";
		};
		14CBA2B01DAC3AAB003A33FD /* AC3.2-InstaCats-2 */ = {
			isa = PBXGroup;
			children = (
				14CBA2DA1DADA28C003A33FD /* AppDelegate.swift */,
				14CBA2F41DADA6AA003A33FD /* Model */,
				14CBA2D41DAC3D77003A33FD /* View Controllers */,
				14CBA2D11DAC3B5A003A33FD /* Supporting Files */,
			);
			name = "AC3.2-InstaCats-2";
			path = "AC3.2-InstaCats-1";
			sourceTree = "<group>";
		};
		14CBA2C51DAC3AAC003A33FD /* AC3.2-InstaCats-2Tests */ = {
			isa = PBXGroup;
			children = (
				14CBA2EE1DADA2EE003A33FD /* test.json */,
				14CBA2EA1DADA2E4003A33FD /* AC3_2_InstaCats_2Tests.swift */,
				14CBA2EB1DADA2E4003A33FD /* Info.plist */,
			);
			name = "AC3.2-InstaCats-2Tests";
			path = "AC3.2-InstaCats-1Tests";
			sourceTree = "<group>";
		};
		14CBA2D11DAC3B5A003A33FD /* Supporting Files */ = {
			isa = PBXGroup;
			children = (
				14CBA2DF1DADA2AE003A33FD /* InstaCats.json */,
				14CBA2E41DADA2C7003A33FD /* LaunchScreen.storyboard */,
				14CBA2E61DADA2C7003A33FD /* Main.storyboard */,
				14CBA2E21DADA2BA003A33FD /* Assets.xcassets */,
				14CBA2DE1DADA2AE003A33FD /* Info.plist */,
			);
			name = "Supporting Files";
			sourceTree = "<group>";
		};
		14CBA2D41DAC3D77003A33FD /* View Controllers */ = {
			isa = PBXGroup;
			children = (
				14CBA2DC1DADA298003A33FD /* InstaCatTableViewController.swift */,
			);
			name = "View Controllers";
			sourceTree = "<group>";
		};
		14CBA2F41DADA6AA003A33FD /* Model */ = {
			isa = PBXGroup;
			children = (
				14CBA2F11DADA69F003A33FD /* InstaCat.swift */,
				181A34EB1DBD71E700986342 /* InstaDog.swift */,
				14CBA2F51DADA9FC003A33FD /* InstaCatFactory.swift */,
				181A34ED1DBD74D400986342 /* InstaDogFactory.swift */,
			);
			name = Model;
			sourceTree = "<group>";
		};
/* End PBXGroup section */

/* Begin PBXNativeTarget section */
		14CBA2AD1DAC3AAB003A33FD /* AC3.2-InstaCats-2 */ = {
			isa = PBXNativeTarget;
			buildConfigurationList = 14CBA2CB1DAC3AAC003A33FD /* Build configuration list for PBXNativeTarget "AC3.2-InstaCats-2" */;
			buildPhases = (
				14CBA2AA1DAC3AAB003A33FD /* Sources */,
				14CBA2AB1DAC3AAB003A33FD /* Frameworks */,
				14CBA2AC1DAC3AAB003A33FD /* Resources */,
			);
			buildRules = (
			);
			dependencies = (
			);
			name = "AC3.2-InstaCats-2";
			productName = "AC3.2-InstaCats-1";
			productReference = 14CBA2AE1DAC3AAB003A33FD /* AC3.2-InstaCats-2.app */;
			productType = "com.apple.product-type.application";
		};
		14CBA2C11DAC3AAC003A33FD /* AC3.2-InstaCats-2Tests */ = {
			isa = PBXNativeTarget;
			buildConfigurationList = 14CBA2CE1DAC3AAC003A33FD /* Build configuration list for PBXNativeTarget "AC3.2-InstaCats-2Tests" */;
			buildPhases = (
				14CBA2BE1DAC3AAC003A33FD /* Sources */,
				14CBA2BF1DAC3AAC003A33FD /* Frameworks */,
				14CBA2C01DAC3AAC003A33FD /* Resources */,
			);
			buildRules = (
			);
			dependencies = (
				14CBA2C41DAC3AAC003A33FD /* PBXTargetDependency */,
			);
			name = "AC3.2-InstaCats-2Tests";
			productName = "AC3.2-InstaCats-1Tests";
			productReference = 14CBA2C21DAC3AAC003A33FD /* AC3.2-InstaCats-2Tests.xctest */;
			productType = "com.apple.product-type.bundle.unit-test";
		};
/* End PBXNativeTarget section */

/* Begin PBXProject section */
		14CBA2A61DAC3AAB003A33FD /* Project object */ = {
			isa = PBXProject;
			attributes = {
				LastSwiftUpdateCheck = 0800;
				LastUpgradeCheck = 0800;
				ORGANIZATIONNAME = C4Q;
				TargetAttributes = {
					14CBA2AD1DAC3AAB003A33FD = {
						CreatedOnToolsVersion = 8.0;
						ProvisioningStyle = Automatic;
					};
					14CBA2C11DAC3AAC003A33FD = {
						CreatedOnToolsVersion = 8.0;
						LastSwiftMigration = 0800;
						ProvisioningStyle = Automatic;
						TestTargetID = 14CBA2AD1DAC3AAB003A33FD;
					};
				};
			};
			buildConfigurationList = 14CBA2A91DAC3AAB003A33FD /* Build configuration list for PBXProject "AC3.2-InstaCats-2" */;
			compatibilityVersion = "Xcode 3.2";
			developmentRegion = English;
			hasScannedForEncodings = 0;
			knownRegions = (
				en,
				Base,
			);
			mainGroup = 14CBA2A51DAC3AAB003A33FD;
			productRefGroup = 14CBA2AF1DAC3AAB003A33FD /* Products */;
			projectDirPath = "";
			projectRoot = "";
			targets = (
				14CBA2AD1DAC3AAB003A33FD /* AC3.2-InstaCats-2 */,
				14CBA2C11DAC3AAC003A33FD /* AC3.2-InstaCats-2Tests */,
			);
		};
/* End PBXProject section */

/* Begin PBXResourcesBuildPhase section */
		14CBA2AC1DAC3AAB003A33FD /* Resources */ = {
			isa = PBXResourcesBuildPhase;
			buildActionMask = 2147483647;
			files = (
				14CBA2E11DADA2AE003A33FD /* InstaCats.json in Resources */,
				14CBA2E91DADA2C7003A33FD /* Main.storyboard in Resources */,
				181A34F41DBD9F7800986342 /* InstaDogs.json in Resources */,
				14CBA2E81DADA2C7003A33FD /* LaunchScreen.storyboard in Resources */,
				14CBA2E31DADA2BA003A33FD /* Assets.xcassets in Resources */,
				14CBA2EF1DADA2EE003A33FD /* test.json in Resources */,
			);
			runOnlyForDeploymentPostprocessing = 0;
		};
		14CBA2C01DAC3AAC003A33FD /* Resources */ = {
			isa = PBXResourcesBuildPhase;
			buildActionMask = 2147483647;
			files = (
				14CBA2F01DADA2EE003A33FD /* test.json in Resources */,
			);
			runOnlyForDeploymentPostprocessing = 0;
		};
/* End PBXResourcesBuildPhase section */

/* Begin PBXSourcesBuildPhase section */
		14CBA2AA1DAC3AAB003A33FD /* Sources */ = {
			isa = PBXSourcesBuildPhase;
			buildActionMask = 2147483647;
			files = (
				14CBA2DD1DADA298003A33FD /* InstaCatTableViewController.swift in Sources */,
				14CBA2F21DADA69F003A33FD /* InstaCat.swift in Sources */,
				14CBA2DB1DADA28C003A33FD /* AppDelegate.swift in Sources */,
				14CBA2F61DADA9FC003A33FD /* InstaCatFactory.swift in Sources */,
				181A34EC1DBD71E700986342 /* InstaDog.swift in Sources */,
				181A34EE1DBD74D400986342 /* InstaDogFactory.swift in Sources */,
			);
			runOnlyForDeploymentPostprocessing = 0;
		};
		14CBA2BE1DAC3AAC003A33FD /* Sources */ = {
			isa = PBXSourcesBuildPhase;
			buildActionMask = 2147483647;
			files = (
				14CBA2F31DADA69F003A33FD /* InstaCat.swift in Sources */,
				14CBA2EC1DADA2E4003A33FD /* AC3_2_InstaCats_2Tests.swift in Sources */,
			);
			runOnlyForDeploymentPostprocessing = 0;
		};
/* End PBXSourcesBuildPhase section */

/* Begin PBXTargetDependency section */
		14CBA2C41DAC3AAC003A33FD /* PBXTargetDependency */ = {
			isa = PBXTargetDependency;
			target = 14CBA2AD1DAC3AAB003A33FD /* AC3.2-InstaCats-2 */;
			targetProxy = 14CBA2C31DAC3AAC003A33FD /* PBXContainerItemProxy */;
		};
/* End PBXTargetDependency section */

/* Begin PBXVariantGroup section */
		14CBA2E41DADA2C7003A33FD /* LaunchScreen.storyboard */ = {
			isa = PBXVariantGroup;
			children = (
				14CBA2E51DADA2C7003A33FD /* Base */,
			);
			name = LaunchScreen.storyboard;
			sourceTree = "<group>";
		};
		14CBA2E61DADA2C7003A33FD /* Main.storyboard */ = {
			isa = PBXVariantGroup;
			children = (
				14CBA2E71DADA2C7003A33FD /* Base */,
			);
			name = Main.storyboard;
			sourceTree = "<group>";
		};
/* End PBXVariantGroup section */

/* Begin XCBuildConfiguration section */
		14CBA2C91DAC3AAC003A33FD /* Debug */ = {
			isa = XCBuildConfiguration;
			buildSettings = {
				ALWAYS_SEARCH_USER_PATHS = NO;
				CLANG_ANALYZER_NONNULL = YES;
				CLANG_CXX_LANGUAGE_STANDARD = "gnu++0x";
				CLANG_CXX_LIBRARY = "libc++";
				CLANG_ENABLE_MODULES = YES;
				CLANG_ENABLE_OBJC_ARC = YES;
				CLANG_WARN_BOOL_CONVERSION = YES;
				CLANG_WARN_CONSTANT_CONVERSION = YES;
				CLANG_WARN_DIRECT_OBJC_ISA_USAGE = YES_ERROR;
				CLANG_WARN_DOCUMENTATION_COMMENTS = YES;
				CLANG_WARN_EMPTY_BODY = YES;
				CLANG_WARN_ENUM_CONVERSION = YES;
				CLANG_WARN_INFINITE_RECURSION = YES;
				CLANG_WARN_INT_CONVERSION = YES;
				CLANG_WARN_OBJC_ROOT_CLASS = YES_ERROR;
				CLANG_WARN_SUSPICIOUS_MOVES = YES;
				CLANG_WARN_UNREACHABLE_CODE = YES;
				CLANG_WARN__DUPLICATE_METHOD_MATCH = YES;
				"CODE_SIGN_IDENTITY[sdk=iphoneos*]" = "iPhone Developer";
				COPY_PHASE_STRIP = NO;
				DEBUG_INFORMATION_FORMAT = dwarf;
				ENABLE_STRICT_OBJC_MSGSEND = YES;
				ENABLE_TESTABILITY = YES;
				GCC_C_LANGUAGE_STANDARD = gnu99;
				GCC_DYNAMIC_NO_PIC = NO;
				GCC_NO_COMMON_BLOCKS = YES;
				GCC_OPTIMIZATION_LEVEL = 0;
				GCC_PREPROCESSOR_DEFINITIONS = (
					"DEBUG=1",
					"$(inherited)",
				);
				GCC_WARN_64_TO_32_BIT_CONVERSION = YES;
				GCC_WARN_ABOUT_RETURN_TYPE = YES_ERROR;
				GCC_WARN_UNDECLARED_SELECTOR = YES;
				GCC_WARN_UNINITIALIZED_AUTOS = YES_AGGRESSIVE;
				GCC_WARN_UNUSED_FUNCTION = YES;
				GCC_WARN_UNUSED_VARIABLE = YES;
				IPHONEOS_DEPLOYMENT_TARGET = 10.0;
				MTL_ENABLE_DEBUG_INFO = YES;
				ONLY_ACTIVE_ARCH = YES;
				SDKROOT = iphoneos;
				SWIFT_ACTIVE_COMPILATION_CONDITIONS = DEBUG;
				SWIFT_OPTIMIZATION_LEVEL = "-Onone";
				TARGETED_DEVICE_FAMILY = "1,2";
			};
			name = Debug;
		};
		14CBA2CA1DAC3AAC003A33FD /* Release */ = {
			isa = XCBuildConfiguration;
			buildSettings = {
				ALWAYS_SEARCH_USER_PATHS = NO;
				CLANG_ANALYZER_NONNULL = YES;
				CLANG_CXX_LANGUAGE_STANDARD = "gnu++0x";
				CLANG_CXX_LIBRARY = "libc++";
				CLANG_ENABLE_MODULES = YES;
				CLANG_ENABLE_OBJC_ARC = YES;
				CLANG_WARN_BOOL_CONVERSION = YES;
				CLANG_WARN_CONSTANT_CONVERSION = YES;
				CLANG_WARN_DIRECT_OBJC_ISA_USAGE = YES_ERROR;
				CLANG_WARN_DOCUMENTATION_COMMENTS = YES;
				CLANG_WARN_EMPTY_BODY = YES;
				CLANG_WARN_ENUM_CONVERSION = YES;
				CLANG_WARN_INFINITE_RECURSION = YES;
				CLANG_WARN_INT_CONVERSION = YES;
				CLANG_WARN_OBJC_ROOT_CLASS = YES_ERROR;
				CLANG_WARN_SUSPICIOUS_MOVES = YES;
				CLANG_WARN_UNREACHABLE_CODE = YES;
				CLANG_WARN__DUPLICATE_METHOD_MATCH = YES;
				"CODE_SIGN_IDENTITY[sdk=iphoneos*]" = "iPhone Developer";
				COPY_PHASE_STRIP = NO;
				DEBUG_INFORMATION_FORMAT = "dwarf-with-dsym";
				ENABLE_NS_ASSERTIONS = NO;
				ENABLE_STRICT_OBJC_MSGSEND = YES;
				GCC_C_LANGUAGE_STANDARD = gnu99;
				GCC_NO_COMMON_BLOCKS = YES;
				GCC_WARN_64_TO_32_BIT_CONVERSION = YES;
				GCC_WARN_ABOUT_RETURN_TYPE = YES_ERROR;
				GCC_WARN_UNDECLARED_SELECTOR = YES;
				GCC_WARN_UNINITIALIZED_AUTOS = YES_AGGRESSIVE;
				GCC_WARN_UNUSED_FUNCTION = YES;
				GCC_WARN_UNUSED_VARIABLE = YES;
				IPHONEOS_DEPLOYMENT_TARGET = 10.0;
				MTL_ENABLE_DEBUG_INFO = NO;
				SDKROOT = iphoneos;
				SWIFT_OPTIMIZATION_LEVEL = "-Owholemodule";
				TARGETED_DEVICE_FAMILY = "1,2";
				VALIDATE_PRODUCT = YES;
			};
			name = Release;
		};
		14CBA2CC1DAC3AAC003A33FD /* Debug */ = {
			isa = XCBuildConfiguration;
			buildSettings = {
				ASSETCATALOG_COMPILER_APPICON_NAME = AppIcon;
				INFOPLIST_FILE = "$(SRCROOT)/AC3.2-InstaCats-2/Info.plist";
				LD_RUNPATH_SEARCH_PATHS = "$(inherited) @executable_path/Frameworks";
				PRODUCT_BUNDLE_IDENTIFIER = "nyc.AccessCode.AC3-2-InstaCats-2";
				PRODUCT_NAME = "$(TARGET_NAME)";
				SWIFT_VERSION = 3.0;
				TARGETED_DEVICE_FAMILY = 1;
			};
			name = Debug;
		};
		14CBA2CD1DAC3AAC003A33FD /* Release */ = {
			isa = XCBuildConfiguration;
			buildSettings = {
				ASSETCATALOG_COMPILER_APPICON_NAME = AppIcon;
				INFOPLIST_FILE = "$(SRCROOT)/AC3.2-InstaCats-2/Info.plist";
				LD_RUNPATH_SEARCH_PATHS = "$(inherited) @executable_path/Frameworks";
				PRODUCT_BUNDLE_IDENTIFIER = "nyc.AccessCode.AC3-2-InstaCats-2";
				PRODUCT_NAME = "$(TARGET_NAME)";
				SWIFT_VERSION = 3.0;
				TARGETED_DEVICE_FAMILY = 1;
			};
			name = Release;
		};
		14CBA2CF1DAC3AAC003A33FD /* Debug */ = {
			isa = XCBuildConfiguration;
			buildSettings = {
				ALWAYS_EMBED_SWIFT_STANDARD_LIBRARIES = YES;
				BUNDLE_LOADER = "$(TEST_HOST)";
				CLANG_ENABLE_MODULES = YES;
				INFOPLIST_FILE = "AC3.2-InstaCats-2Tests/Info.plist";
				LD_RUNPATH_SEARCH_PATHS = "$(inherited) @executable_path/Frameworks @loader_path/Frameworks";
				PRODUCT_BUNDLE_IDENTIFIER = "nyc.AccessCode.AC3-2-InstaCats-2Tests";
				PRODUCT_NAME = "$(TARGET_NAME)";
				SWIFT_OPTIMIZATION_LEVEL = "-Onone";
				SWIFT_VERSION = 3.0;
				TEST_HOST = "$(BUILT_PRODUCTS_DIR)/AC3.2-InstaCats-2.app/AC3.2-InstaCats-2";
			};
			name = Debug;
		};
		14CBA2D01DAC3AAC003A33FD /* Release */ = {
			isa = XCBuildConfiguration;
			buildSettings = {
				ALWAYS_EMBED_SWIFT_STANDARD_LIBRARIES = YES;
				BUNDLE_LOADER = "$(TEST_HOST)";
				CLANG_ENABLE_MODULES = YES;
				INFOPLIST_FILE = "AC3.2-InstaCats-2Tests/Info.plist";
				LD_RUNPATH_SEARCH_PATHS = "$(inherited) @executable_path/Frameworks @loader_path/Frameworks";
				PRODUCT_BUNDLE_IDENTIFIER = "nyc.AccessCode.AC3-2-InstaCats-2Tests";
				PRODUCT_NAME = "$(TARGET_NAME)";
				SWIFT_VERSION = 3.0;
				TEST_HOST = "$(BUILT_PRODUCTS_DIR)/AC3.2-InstaCats-2.app/AC3.2-InstaCats-2";
			};
			name = Release;
		};
/* End XCBuildConfiguration section */

/* Begin XCConfigurationList section */
		14CBA2A91DAC3AAB003A33FD /* Build configuration list for PBXProject "AC3.2-InstaCats-2" */ = {
			isa = XCConfigurationList;
			buildConfigurations = (
				14CBA2C91DAC3AAC003A33FD /* Debug */,
				14CBA2CA1DAC3AAC003A33FD /* Release */,
			);
			defaultConfigurationIsVisible = 0;
			defaultConfigurationName = Release;
		};
		14CBA2CB1DAC3AAC003A33FD /* Build configuration list for PBXNativeTarget "AC3.2-InstaCats-2" */ = {
			isa = XCConfigurationList;
			buildConfigurations = (
				14CBA2CC1DAC3AAC003A33FD /* Debug */,
				14CBA2CD1DAC3AAC003A33FD /* Release */,
			);
			defaultConfigurationIsVisible = 0;
			defaultConfigurationName = Release;
		};
		14CBA2CE1DAC3AAC003A33FD /* Build configuration list for PBXNativeTarget "AC3.2-InstaCats-2Tests" */ = {
			isa = XCConfigurationList;
			buildConfigurations = (
				14CBA2CF1DAC3AAC003A33FD /* Debug */,
				14CBA2D01DAC3AAC003A33FD /* Release */,
			);
			defaultConfigurationIsVisible = 0;
			defaultConfigurationName = Release;
		};
/* End XCConfigurationList section */
	};
	rootObject = 14CBA2A61DAC3AAB003A33FD /* Project object */;
}
